
Microsoft Visual Studio Solution File, Format Version 10.00
# Visual Studio 2008
Project("{8BC9CEB8-8B4A-11D0-8D11-00A0C91BC942}") = "CommFramwork", "CommFramwork\CommFramwork_2008.vcproj", "{209B9D6B-5DD0-459A-9EF8-0E3BD4F5083B}"
	ProjectSection(ProjectDependencies) = postProject
		{4DCC04C2-B840-49FC-8151-B897DC363D62} = {4DCC04C2-B840-49FC-8151-B897DC363D62}
	EndProjectSection
EndProject
Project("{8BC9CEB8-8B4A-11D0-8D11-00A0C91BC942}") = "FramworkAp", "FramworkAp\FramworkAp_2008.vcproj", "{56283C96-4524-44F9-B666-92B9CE90A902}"
	ProjectSection(ProjectDependencies) = postProject
		{209B9D6B-5DD0-459A-9EF8-0E3BD4F5083B} = {209B9D6B-5DD0-459A-9EF8-0E3BD4F5083B}
		{295D8590-2368-4323-8064-0E9EAF9C9E88} = {295D8590-2368-4323-8064-0E9EAF9C9E88}
		{4DCC04C2-B840-49FC-8151-B897DC363D62} = {4DCC04C2-B840-49FC-8151-B897DC363D62}
		{D95D97ED-50A6-4867-8FDD-43FAE4D85D39} = {D95D97ED-50A6-4867-8FDD-43FAE4D85D39}
	EndProjectSection
EndProject
Project("{8BC9CEB8-8B4A-11D0-8D11-00A0C91BC942}") = "NetMgrAgent", "NetMgrAgent\NetMgrAgent_2008.vcproj", "{9187620A-75DE-4A7A-BBFE-1A6A9E69FF6E}"
	ProjectSection(ProjectDependencies) = postProject
		{209B9D6B-5DD0-459A-9EF8-0E3BD4F5083B} = {209B9D6B-5DD0-459A-9EF8-0E3BD4F5083B}
		{295D8590-2368-4323-8064-0E9EAF9C9E88} = {295D8590-2368-4323-8064-0E9EAF9C9E88}
		{56283C96-4524-44F9-B666-92B9CE90A902} = {56283C96-4524-44F9-B666-92B9CE90A902}
		{4DCC04C2-B840-49FC-8151-B897DC363D62} = {4DCC04C2-B840-49FC-8151-B897DC363D62}
	EndProjectSection
EndProject
Project("{8BC9CEB8-8B4A-11D0-8D11-00A0C91BC942}") = "Utility", "Utility\Utility_2008.vcproj", "{4DCC04C2-B840-49FC-8151-B897DC363D62}"
EndProject
Project("{8BC9CEB8-8B4A-11D0-8D11-00A0C91BC942}") = "BlockMsg", "BlockMsg\BlockMsg_2008.vcproj", "{B3EA0114-1496-4593-AF49-F747B17058AB}"
	ProjectSection(ProjectDependencies) = postProject
		{4DCC04C2-B840-49FC-8151-B897DC363D62} = {4DCC04C2-B840-49FC-8151-B897DC363D62}
	EndProjectSection
EndProject
Project("{8BC9CEB8-8B4A-11D0-8D11-00A0C91BC942}") = "XQueue", "XQueue\XQueue_2008.vcproj", "{24C87CC0-15F4-4B5A-A4B2-97901AD81DD1}"
EndProject
Project("{8BC9CEB8-8B4A-11D0-8D11-00A0C91BC942}") = "XQueueIo", "XQueueIo\XQueueIo_2008.vcproj", "{13A1A7F9-D6DC-4E59-90CC-71C5E4EFE4E6}"
	ProjectSection(ProjectDependencies) = postProject
		{24C87CC0-15F4-4B5A-A4B2-97901AD81DD1} = {24C87CC0-15F4-4B5A-A4B2-97901AD81DD1}
		{4DCC04C2-B840-49FC-8151-B897DC363D62} = {4DCC04C2-B840-49FC-8151-B897DC363D62}
	EndProjectSection
EndProject
Project("{8BC9CEB8-8B4A-11D0-8D11-00A0C91BC942}") = "WdInterface", "WdInterface\WdInterface_2008.vcproj", "{4DD13CA0-54AE-47A1-BF6B-23ED02F2D1EC}"
	ProjectSection(ProjectDependencies) = postProject
		{24C87CC0-15F4-4B5A-A4B2-97901AD81DD1} = {24C87CC0-15F4-4B5A-A4B2-97901AD81DD1}
		{4DCC04C2-B840-49FC-8151-B897DC363D62} = {4DCC04C2-B840-49FC-8151-B897DC363D62}
	EndProjectSection
EndProject
Project("{8BC9CEB8-8B4A-11D0-8D11-00A0C91BC942}") = "FramworkNm", "FramworkNm\FramworkNm_2008.vcproj", "{295D8590-2368-4323-8064-0E9EAF9C9E88}"
	ProjectSection(ProjectDependencies) = postProject
		{209B9D6B-5DD0-459A-9EF8-0E3BD4F5083B} = {209B9D6B-5DD0-459A-9EF8-0E3BD4F5083B}
		{4DCC04C2-B840-49FC-8151-B897DC363D62} = {4DCC04C2-B840-49FC-8151-B897DC363D62}
		{D95D97ED-50A6-4867-8FDD-43FAE4D85D39} = {D95D97ED-50A6-4867-8FDD-43FAE4D85D39}
	EndProjectSection
EndProject
Project("{8BC9CEB8-8B4A-11D0-8D11-00A0C91BC942}") = "NetMgr", "NetMgr\NetMgr_2008.vcproj", "{D95D97ED-50A6-4867-8FDD-43FAE4D85D39}"
	ProjectSection(ProjectDependencies) = postProject
		{4DCC04C2-B840-49FC-8151-B897DC363D62} = {4DCC04C2-B840-49FC-8151-B897DC363D62}
	EndProjectSection
EndProject
Global
	GlobalSection(SolutionConfigurationPlatforms) = preSolution
		Debug|Win32 = Debug|Win32
		Release|Win32 = Release|Win32
	EndGlobalSection
	GlobalSection(ProjectConfigurationPlatforms) = postSolution
		{209B9D6B-5DD0-459A-9EF8-0E3BD4F5083B}.Debug|Win32.ActiveCfg = Debug|Win32
		{209B9D6B-5DD0-459A-9EF8-0E3BD4F5083B}.Debug|Win32.Build.0 = Debug|Win32
		{209B9D6B-5DD0-459A-9EF8-0E3BD4F5083B}.Release|Win32.ActiveCfg = Release|Win32
		{209B9D6B-5DD0-459A-9EF8-0E3BD4F5083B}.Release|Win32.Build.0 = Release|Win32
		{56283C96-4524-44F9-B666-92B9CE90A902}.Debug|Win32.ActiveCfg = Debug|Win32
		{56283C96-4524-44F9-B666-92B9CE90A902}.Debug|Win32.Build.0 = Debug|Win32
		{56283C96-4524-44F9-B666-92B9CE90A902}.Release|Win32.ActiveCfg = Release|Win32
		{56283C96-4524-44F9-B666-92B9CE90A902}.Release|Win32.Build.0 = Release|Win32
		{9187620A-75DE-4A7A-BBFE-1A6A9E69FF6E}.Debug|Win32.ActiveCfg = Debug|Win32
		{9187620A-75DE-4A7A-BBFE-1A6A9E69FF6E}.Debug|Win32.Build.0 = Debug|Win32
		{9187620A-75DE-4A7A-BBFE-1A6A9E69FF6E}.Release|Win32.ActiveCfg = Release|Win32
		{9187620A-75DE-4A7A-BBFE-1A6A9E69FF6E}.Release|Win32.Build.0 = Release|Win32
		{4DCC04C2-B840-49FC-8151-B897DC363D62}.Debug|Win32.ActiveCfg = Debug|Win32
		{4DCC04C2-B840-49FC-8151-B897DC363D62}.Debug|Win32.Build.0 = Debug|Win32
		{4DCC04C2-B840-49FC-8151-B897DC363D62}.Release|Win32.ActiveCfg = Release|Win32
		{4DCC04C2-B840-49FC-8151-B897DC363D62}.Release|Win32.Build.0 = Release|Win32
		{B3EA0114-1496-4593-AF49-F747B17058AB}.Debug|Win32.ActiveCfg = Debug|Win32
		{B3EA0114-1496-4593-AF49-F747B17058AB}.Debug|Win32.Build.0 = Debug|Win32
		{B3EA0114-1496-4593-AF49-F747B17058AB}.Release|Win32.ActiveCfg = Release|Win32
		{B3EA0114-1496-4593-AF49-F747B17058AB}.Release|Win32.Build.0 = Release|Win32
		{24C87CC0-15F4-4B5A-A4B2-97901AD81DD1}.Debug|Win32.ActiveCfg = Debug|Win32
		{24C87CC0-15F4-4B5A-A4B2-97901AD81DD1}.Debug|Win32.Build.0 = Debug|Win32
		{24C87CC0-15F4-4B5A-A4B2-97901AD81DD1}.Release|Win32.ActiveCfg = Release|Win32
		{24C87CC0-15F4-4B5A-A4B2-97901AD81DD1}.Release|Win32.Build.0 = Release|Win32
		{13A1A7F9-D6DC-4E59-90CC-71C5E4EFE4E6}.Debug|Win32.ActiveCfg = Debug|Win32
		{13A1A7F9-D6DC-4E59-90CC-71C5E4EFE4E6}.Debug|Win32.Build.0 = Debug|Win32
		{13A1A7F9-D6DC-4E59-90CC-71C5E4EFE4E6}.Release|Win32.ActiveCfg = Release|Win32
		{13A1A7F9-D6DC-4E59-90CC-71C5E4EFE4E6}.Release|Win32.Build.0 = Release|Win32
		{4DD13CA0-54AE-47A1-BF6B-23ED02F2D1EC}.Debug|Win32.ActiveCfg = Debug|Win32
		{4DD13CA0-54AE-47A1-BF6B-23ED02F2D1EC}.Debug|Win32.Build.0 = Debug|Win32
		{4DD13CA0-54AE-47A1-BF6B-23ED02F2D1EC}.Release|Win32.ActiveCfg = Release|Win32
		{4DD13CA0-54AE-47A1-BF6B-23ED02F2D1EC}.Release|Win32.Build.0 = Release|Win32
		{295D8590-2368-4323-8064-0E9EAF9C9E88}.Debug|Win32.ActiveCfg = Debug|Win32
		{295D8590-2368-4323-8064-0E9EAF9C9E88}.Debug|Win32.Build.0 = Debug|Win32
		{295D8590-2368-4323-8064-0E9EAF9C9E88}.Release|Win32.ActiveCfg = Release|Win32
		{295D8590-2368-4323-8064-0E9EAF9C9E88}.Release|Win32.Build.0 = Release|Win32
		{D95D97ED-50A6-4867-8FDD-43FAE4D85D39}.Debug|Win32.ActiveCfg = Debug|Win32
		{D95D97ED-50A6-4867-8FDD-43FAE4D85D39}.Debug|Win32.Build.0 = Debug|Win32
		{D95D97ED-50A6-4867-8FDD-43FAE4D85D39}.Release|Win32.ActiveCfg = Release|Win32
		{D95D97ED-50A6-4867-8FDD-43FAE4D85D39}.Release|Win32.Build.0 = Release|Win32
	EndGlobalSection
	GlobalSection(SolutionProperties) = preSolution
		HideSolutionNode = FALSE
	EndGlobalSection
EndGlobal
